
Microsoft Visual Studio Solution File, Format Version 12.00
# Visual Studio Version 16
VisualStudioVersion = 16.0.29911.84
MinimumVisualStudioVersion = 10.0.40219.1
Project("{FAE04EC0-301F-11D3-BF4B-00C04F79EFBC}") = "Tarefa4", "Tarefa4\Tarefa4.csproj", "{3CFC7931-F34D-4DC5-8D25-BE8EABC0F689}"
EndProject
Global
	GlobalSection(SolutionConfigurationPlatforms) = preSolution
		Debug|Any CPU = Debug|Any CPU
		Release|Any CPU = Release|Any CPU
	EndGlobalSection
	GlobalSection(ProjectConfigurationPlatforms) = postSolution
		{3CFC7931-F34D-4DC5-8D25-BE8EABC0F689}.Debug|Any CPU.ActiveCfg = Debug|Any CPU
		{3CFC7931-F34D-4DC5-8D25-BE8EABC0F689}.Debug|Any CPU.Build.0 = Debug|Any CPU
		{3CFC7931-F34D-4DC5-8D25-BE8EABC0F689}.Release|Any CPU.ActiveCfg = Release|Any CPU
		{3CFC7931-F34D-4DC5-8D25-BE8EABC0F689}.Release|Any CPU.Build.0 = Release|Any CPU
	EndGlobalSection
	GlobalSection(SolutionProperties) = preSolution
		HideSolutionNode = FALSE
	EndGlobalSection
	GlobalSection(ExtensibilityGlobals) = postSolution
		SolutionGuid = {5333F656-700D-464F-AF2C-3E8F8603F08E}
	EndGlobalSection
EndGlobal
